
Microsoft Visual Studio Solution File, Format Version 12.00
# Visual Studio 14
VisualStudioVersion = 14.0.23107.0
MinimumVisualStudioVersion = 10.0.40219.1
Project("{FAE04EC0-301F-11D3-BF4B-00C04F79EFBC}") = "WaitingForADrink", "WaitingForADrink\WaitingForADrink.csproj", "{773AA2D1-63A3-4E3F-B564-C97DFFED4317}"
EndProject
Project("{FAE04EC0-301F-11D3-BF4B-00C04F79EFBC}") = "DrinkTests", "DrinkTests\DrinkTests.csproj", "{A79A2232-E3F2-474C-9E3B-0473A4556CB0}"
EndProject
Global
	GlobalSection(SolutionConfigurationPlatforms) = preSolution
		Debug|Any CPU = Debug|Any CPU
		Release|Any CPU = Release|Any CPU
	EndGlobalSection
	GlobalSection(ProjectConfigurationPlatforms) = postSolution
		{773AA2D1-63A3-4E3F-B564-C97DFFED4317}.Debug|Any CPU.ActiveCfg = Debug|Any CPU
		{773AA2D1-63A3-4E3F-B564-C97DFFED4317}.Debug|Any CPU.Build.0 = Debug|Any CPU
		{773AA2D1-63A3-4E3F-B564-C97DFFED4317}.Release|Any CPU.ActiveCfg = Release|Any CPU
		{773AA2D1-63A3-4E3F-B564-C97DFFED4317}.Release|Any CPU.Build.0 = Release|Any CPU
		{A79A2232-E3F2-474C-9E3B-0473A4556CB0}.Debug|Any CPU.ActiveCfg = Debug|Any CPU
		{A79A2232-E3F2-474C-9E3B-0473A4556CB0}.Debug|Any CPU.Build.0 = Debug|Any CPU
		{A79A2232-E3F2-474C-9E3B-0473A4556CB0}.Release|Any CPU.ActiveCfg = Release|Any CPU
		{A79A2232-E3F2-474C-9E3B-0473A4556CB0}.Release|Any CPU.Build.0 = Release|Any CPU
	EndGlobalSection
	GlobalSection(SolutionProperties) = preSolution
		HideSolutionNode = FALSE
	EndGlobalSection
EndGlobal
